<Solution>
  <Folder Name="/src/">
    <Project Path="src/guito-api/guito-api.csproj" />
    <Project Path="src/guito-api-authorizer/guito-api-authorizer.csproj" />
  </Folder>
  <Folder Name="/tst/">
    <Project Path="tst/guito-api-authorizer.Tests/guito-api-authorizer.Tests.csproj" />
    <Project Path="tst/guito-api.Tests/guito-api.Tests.csproj" />
  </Folder>
  <Folder Name="/sit/">
    <Project Path="sit/guito-api.IntegrationTests/guito-api.IntegrationTests.csproj" />
  </Folder>
</Solution>
